// !$*UTF8*$!
{
	archiveVersion = 1;
	classes = {
	};
	objectVersion = 50;
	objects = {

/* Begin PBXBuildFile section */
		3122FC3E247C977F00C519CC /* main.cpp in Sources */ = {isa = PBXBuildFile; fileRef = 3122FC3D247C977F00C519CC /* main.cpp */; };
		3122FC46247C994A00C519CC /* InitGraph.cpp in Sources */ = {isa = PBXBuildFile; fileRef = 3122FC44247C994A00C519CC /* InitGraph.cpp */; };
		3122FC492480E36B00C519CC /* Graph.cpp in Sources */ = {isa = PBXBuildFile; fileRef = 3122FC472480E36B00C519CC /* Graph.cpp */; };
		31CEBC4224905E65006E48A8 /* Menu.cpp in Sources */ = {isa = PBXBuildFile; fileRef = 31CEBC4024905E65006E48A8 /* Menu.cpp */; };
/* End PBXBuildFile section */

/* Begin PBXCopyFilesBuildPhase section */
		3122FC38247C977F00C519CC /* CopyFiles */ = {
			isa = PBXCopyFilesBuildPhase;
			buildActionMask = 2147483647;
			dstPath = /usr/share/man/man1/;
			dstSubfolderSpec = 0;
			files = (
			);
			runOnlyForDeploymentPostprocessing = 1;
		};
/* End PBXCopyFilesBuildPhase section */

/* Begin PBXFileReference section */
		3122FC3A247C977F00C519CC /* 近似算法MST求解TSP */ = {isa = PBXFileReference; explicitFileType = "compiled.mach-o.executable"; includeInIndex = 0; path = "近似算法MST求解TSP"; sourceTree = BUILT_PRODUCTS_DIR; };
		3122FC3D247C977F00C519CC /* main.cpp */ = {isa = PBXFileReference; lastKnownFileType = sourcecode.cpp.cpp; path = main.cpp; sourceTree = "<group>"; };
		3122FC44247C994A00C519CC /* InitGraph.cpp */ = {isa = PBXFileReference; lastKnownFileType = sourcecode.cpp.cpp; path = InitGraph.cpp; sourceTree = "<group>"; };
		3122FC45247C994A00C519CC /* InitGraph.hpp */ = {isa = PBXFileReference; lastKnownFileType = sourcecode.cpp.h; path = InitGraph.hpp; sourceTree = "<group>"; };
		3122FC472480E36B00C519CC /* Graph.cpp */ = {isa = PBXFileReference; lastKnownFileType = sourcecode.cpp.cpp; path = Graph.cpp; sourceTree = "<group>"; };
		3122FC482480E36B00C519CC /* Graph.hpp */ = {isa = PBXFileReference; lastKnownFileType = sourcecode.cpp.h; path = Graph.hpp; sourceTree = "<group>"; };
		31CEBC4024905E65006E48A8 /* Menu.cpp */ = {isa = PBXFileReference; lastKnownFileType = sourcecode.cpp.cpp; path = Menu.cpp; sourceTree = "<group>"; };
		31CEBC4124905E65006E48A8 /* Menu.hpp */ = {isa = PBXFileReference; lastKnownFileType = sourcecode.cpp.h; path = Menu.hpp; sourceTree = "<group>"; };
/* End PBXFileReference section */

/* Begin PBXFrameworksBuildPhase section */
		3122FC37247C977F00C519CC /* Frameworks */ = {
			isa = PBXFrameworksBuildPhase;
			buildActionMask = 2147483647;
			files = (
			);
			runOnlyForDeploymentPostprocessing = 0;
		};
/* End PBXFrameworksBuildPhase section */

/* Begin PBXGroup section */
		3122FC31247C977F00C519CC = {
			isa = PBXGroup;
			children = (
				3122FC3C247C977F00C519CC /* 近似算法MST求解TSP */,
				3122FC3B247C977F00C519CC /* Products */,
			);
			sourceTree = "<group>";
		};
		3122FC3B247C977F00C519CC /* Products */ = {
			isa = PBXGroup;
			children = (
				3122FC3A247C977F00C519CC /* 近似算法MST求解TSP */,
			);
			name = Products;
			sourceTree = "<group>";
		};
		3122FC3C247C977F00C519CC /* 近似算法MST求解TSP */ = {
			isa = PBXGroup;
			children = (
				3122FC3D247C977F00C519CC /* main.cpp */,
				31CEBC4024905E65006E48A8 /* Menu.cpp */,
				31CEBC4124905E65006E48A8 /* Menu.hpp */,
				3122FC44247C994A00C519CC /* InitGraph.cpp */,
				3122FC45247C994A00C519CC /* InitGraph.hpp */,
				3122FC472480E36B00C519CC /* Graph.cpp */,
				3122FC482480E36B00C519CC /* Graph.hpp */,
			);
			path = "近似算法MST求解TSP";
			sourceTree = "<group>";
		};
/* End PBXGroup section */

/* Begin PBXNativeTarget section */
		3122FC39247C977F00C519CC /* 近似算法MST求解TSP */ = {
			isa = PBXNativeTarget;
			buildConfigurationList = 3122FC41247C977F00C519CC /* Build configuration list for PBXNativeTarget "近似算法MST求解TSP" */;
			buildPhases = (
				3122FC36247C977F00C519CC /* Sources */,
				3122FC37247C977F00C519CC /* Frameworks */,
				3122FC38247C977F00C519CC /* CopyFiles */,
			);
			buildRules = (
			);
			dependencies = (
			);
			name = "近似算法MST求解TSP";
			productName = "近似算法MST求解TSP";
			productReference = 3122FC3A247C977F00C519CC /* 近似算法MST求解TSP */;
			productType = "com.apple.product-type.tool";
		};
/* End PBXNativeTarget section */

/* Begin PBXProject section */
		3122FC32247C977F00C519CC /* Project object */ = {
			isa = PBXProject;
			attributes = {
				LastUpgradeCheck = 1030;
				ORGANIZATIONNAME = "🍓XJK";
				TargetAttributes = {
					3122FC39247C977F00C519CC = {
						CreatedOnToolsVersion = 10.3;
					};
				};
			};
			buildConfigurationList = 3122FC35247C977F00C519CC /* Build configuration list for PBXProject "近似算法MST求解TSP" */;
			compatibilityVersion = "Xcode 9.3";
			developmentRegion = en;
			hasScannedForEncodings = 0;
			knownRegions = (
				en,
			);
			mainGroup = 3122FC31247C977F00C519CC;
			productRefGroup = 3122FC3B247C977F00C519CC /* Products */;
			projectDirPath = "";
			projectRoot = "";
			targets = (
				3122FC39247C977F00C519CC /* 近似算法MST求解TSP */,
			);
		};
/* End PBXProject section */

/* Begin PBXSourcesBuildPhase section */
		3122FC36247C977F00C519CC /* Sources */ = {
			isa = PBXSourcesBuildPhase;
			buildActionMask = 2147483647;
			files = (
				3122FC46247C994A00C519CC /* InitGraph.cpp in Sources */,
				3122FC492480E36B00C519CC /* Graph.cpp in Sources */,
				31CEBC4224905E65006E48A8 /* Menu.cpp in Sources */,
				3122FC3E247C977F00C519CC /* main.cpp in Sources */,
			);
			runOnlyForDeploymentPostprocessing = 0;
		};
/* End PBXSourcesBuildPhase section */

/* Begin XCBuildConfiguration section */
		3122FC3F247C977F00C519CC /* Debug */ = {
			isa = XCBuildConfiguration;
			buildSettings = {
				ALWAYS_SEARCH_USER_PATHS = NO;
				CLANG_ANALYZER_NONNULL = YES;
				CLANG_ANALYZER_NUMBER_OBJECT_CONVERSION = YES_AGGRESSIVE;
				CLANG_CXX_LANGUAGE_STANDARD = "gnu++14";
				CLANG_CXX_LIBRARY = "libc++";
				CLANG_ENABLE_MODULES = YES;
				CLANG_ENABLE_OBJC_ARC = YES;
				CLANG_ENABLE_OBJC_WEAK = YES;
				CLANG_WARN_BLOCK_CAPTURE_AUTORELEASING = YES;
				CLANG_WARN_BOOL_CONVERSION = YES;
				CLANG_WARN_COMMA = YES;
				CLANG_WARN_CONSTANT_CONVERSION = YES;
				CLANG_WARN_DEPRECATED_OBJC_IMPLEMENTATIONS = YES;
				CLANG_WARN_DIRECT_OBJC_ISA_USAGE = YES_ERROR;
				CLANG_WARN_DOCUMENTATION_COMMENTS = YES;
				CLANG_WARN_EMPTY_BODY = YES;
				CLANG_WARN_ENUM_CONVERSION = YES;
				CLANG_WARN_INFINITE_RECURSION = YES;
				CLANG_WARN_INT_CONVERSION = YES;
				CLANG_WARN_NON_LITERAL_NULL_CONVERSION = YES;
				CLANG_WARN_OBJC_IMPLICIT_RETAIN_SELF = YES;
				CLANG_WARN_OBJC_LITERAL_CONVERSION = YES;
				CLANG_WARN_OBJC_ROOT_CLASS = YES_ERROR;
				CLANG_WARN_RANGE_LOOP_ANALYSIS = YES;
				CLANG_WARN_STRICT_PROTOTYPES = YES;
				CLANG_WARN_SUSPICIOUS_MOVE = YES;
				CLANG_WARN_UNGUARDED_AVAILABILITY = YES_AGGRESSIVE;
				CLANG_WARN_UNREACHABLE_CODE = YES;
				CLANG_WARN__DUPLICATE_METHOD_MATCH = YES;
				CODE_SIGN_IDENTITY = "-";
				COPY_PHASE_STRIP = NO;
				DEBUG_INFORMATION_FORMAT = dwarf;
				ENABLE_STRICT_OBJC_MSGSEND = YES;
				ENABLE_TESTABILITY = YES;
				GCC_C_LANGUAGE_STANDARD = gnu11;
				GCC_DYNAMIC_NO_PIC = NO;
				GCC_NO_COMMON_BLOCKS = YES;
				GCC_OPTIMIZATION_LEVEL = 0;
				GCC_PREPROCESSOR_DEFINITIONS = (
					"DEBUG=1",
					"$(inherited)",
				);
				GCC_WARN_64_TO_32_BIT_CONVERSION = YES;
				GCC_WARN_ABOUT_RETURN_TYPE = YES_ERROR;
				GCC_WARN_UNDECLARED_SELECTOR = YES;
				GCC_WARN_UNINITIALIZED_AUTOS = YES_AGGRESSIVE;
				GCC_WARN_UNUSED_FUNCTION = YES;
				GCC_WARN_UNUSED_VARIABLE = YES;
				MACOSX_DEPLOYMENT_TARGET = 10.14;
				MTL_ENABLE_DEBUG_INFO = INCLUDE_SOURCE;
				MTL_FAST_MATH = YES;
				ONLY_ACTIVE_ARCH = YES;
				SDKROOT = macosx;
			};
			name = Debug;
		};
		3122FC40247C977F00C519CC /* Release */ = {
			isa = XCBuildConfiguration;
			buildSettings = {
				ALWAYS_SEARCH_USER_PATHS = NO;
				CLANG_ANALYZER_NONNULL = YES;
				CLANG_ANALYZER_NUMBER_OBJECT_CONVERSION = YES_AGGRESSIVE;
				CLANG_CXX_LANGUAGE_STANDARD = "gnu++14";
				CLANG_CXX_LIBRARY = "libc++";
				CLANG_ENABLE_MODULES = YES;
				CLANG_ENABLE_OBJC_ARC = YES;
				CLANG_ENABLE_OBJC_WEAK = YES;
				CLANG_WARN_BLOCK_CAPTURE_AUTORELEASING = YES;
				CLANG_WARN_BOOL_CONVERSION = YES;
				CLANG_WARN_COMMA = YES;
				CLANG_WARN_CONSTANT_CONVERSION = YES;
				CLANG_WARN_DEPRECATED_OBJC_IMPLEMENTATIONS = YES;
				CLANG_WARN_DIRECT_OBJC_ISA_USAGE = YES_ERROR;
				CLANG_WARN_DOCUMENTATION_COMMENTS = YES;
				CLANG_WARN_EMPTY_BODY = YES;
				CLANG_WARN_ENUM_CONVERSION = YES;
				CLANG_WARN_INFINITE_RECURSION = YES;
				CLANG_WARN_INT_CONVERSION = YES;
				CLANG_WARN_NON_LITERAL_NULL_CONVERSION = YES;
				CLANG_WARN_OBJC_IMPLICIT_RETAIN_SELF = YES;
				CLANG_WARN_OBJC_LITERAL_CONVERSION = YES;
				CLANG_WARN_OBJC_ROOT_CLASS = YES_ERROR;
				CLANG_WARN_RANGE_LOOP_ANALYSIS = YES;
				CLANG_WARN_STRICT_PROTOTYPES = YES;
				CLANG_WARN_SUSPICIOUS_MOVE = YES;
				CLANG_WARN_UNGUARDED_AVAILABILITY = YES_AGGRESSIVE;
				CLANG_WARN_UNREACHABLE_CODE = YES;
				CLANG_WARN__DUPLICATE_METHOD_MATCH = YES;
				CODE_SIGN_IDENTITY = "-";
				COPY_PHASE_STRIP = NO;
				DEBUG_INFORMATION_FORMAT = "dwarf-with-dsym";
				ENABLE_NS_ASSERTIONS = NO;
				ENABLE_STRICT_OBJC_MSGSEND = YES;
				GCC_C_LANGUAGE_STANDARD = gnu11;
				GCC_NO_COMMON_BLOCKS = YES;
				GCC_WARN_64_TO_32_BIT_CONVERSION = YES;
				GCC_WARN_ABOUT_RETURN_TYPE = YES_ERROR;
				GCC_WARN_UNDECLARED_SELECTOR = YES;
				GCC_WARN_UNINITIALIZED_AUTOS = YES_AGGRESSIVE;
				GCC_WARN_UNUSED_FUNCTION = YES;
				GCC_WARN_UNUSED_VARIABLE = YES;
				MACOSX_DEPLOYMENT_TARGET = 10.14;
				MTL_ENABLE_DEBUG_INFO = NO;
				MTL_FAST_MATH = YES;
				SDKROOT = macosx;
			};
			name = Release;
		};
		3122FC42247C977F00C519CC /* Debug */ = {
			isa = XCBuildConfiguration;
			buildSettings = {
				CODE_SIGN_STYLE = Automatic;
				PRODUCT_NAME = "$(TARGET_NAME)";
			};
			name = Debug;
		};
		3122FC43247C977F00C519CC /* Release */ = {
			isa = XCBuildConfiguration;
			buildSettings = {
				CODE_SIGN_STYLE = Automatic;
				PRODUCT_NAME = "$(TARGET_NAME)";
			};
			name = Release;
		};
/* End XCBuildConfiguration section */

/* Begin XCConfigurationList section */
		3122FC35247C977F00C519CC /* Build configuration list for PBXProject "近似算法MST求解TSP" */ = {
			isa = XCConfigurationList;
			buildConfigurations = (
				3122FC3F247C977F00C519CC /* Debug */,
				3122FC40247C977F00C519CC /* Release */,
			);
			defaultConfigurationIsVisible = 0;
			defaultConfigurationName = Release;
		};
		3122FC41247C977F00C519CC /* Build configuration list for PBXNativeTarget "近似算法MST求解TSP" */ = {
			isa = XCConfigurationList;
			buildConfigurations = (
				3122FC42247C977F00C519CC /* Debug */,
				3122FC43247C977F00C519CC /* Release */,
			);
			defaultConfigurationIsVisible = 0;
			defaultConfigurationName = Release;
		};
/* End XCConfigurationList section */
	};
	rootObject = 3122FC32247C977F00C519CC /* Project object */;
}
